
Microsoft Visual Studio Solution File, Format Version 12.00
# Visual Studio 15
VisualStudioVersion = 15.0.27428.2037
MinimumVisualStudioVersion = 10.0.40219.1
Project("{FAE04EC0-301F-11D3-BF4B-00C04F79EFBC}") = "QuizAlphaV1", "ConsoleApp1\QuizAlphaV1.csproj", "{D2B52E50-5AAA-4ABA-A30B-561BD1FF4CB5}"
EndProject
Project("{FAE04EC0-301F-11D3-BF4B-00C04F79EFBC}") = "QuizAlphaV1Test", "UnitTest\QuizAlphaV1Test.csproj", "{A61B0A5D-23C0-4BBC-BECA-AD4A140FC8BD}"
	ProjectSection(ProjectDependencies) = postProject
		{D2B52E50-5AAA-4ABA-A30B-561BD1FF4CB5} = {D2B52E50-5AAA-4ABA-A30B-561BD1FF4CB5}
	EndProjectSection
EndProject
Global
	GlobalSection(SolutionConfigurationPlatforms) = preSolution
		Debug|Any CPU = Debug|Any CPU
		Release|Any CPU = Release|Any CPU
	EndGlobalSection
	GlobalSection(ProjectConfigurationPlatforms) = postSolution
		{D2B52E50-5AAA-4ABA-A30B-561BD1FF4CB5}.Debug|Any CPU.ActiveCfg = Debug|Any CPU
		{D2B52E50-5AAA-4ABA-A30B-561BD1FF4CB5}.Debug|Any CPU.Build.0 = Debug|Any CPU
		{D2B52E50-5AAA-4ABA-A30B-561BD1FF4CB5}.Release|Any CPU.ActiveCfg = Release|Any CPU
		{D2B52E50-5AAA-4ABA-A30B-561BD1FF4CB5}.Release|Any CPU.Build.0 = Release|Any CPU
		{A61B0A5D-23C0-4BBC-BECA-AD4A140FC8BD}.Debug|Any CPU.ActiveCfg = Debug|Any CPU
		{A61B0A5D-23C0-4BBC-BECA-AD4A140FC8BD}.Debug|Any CPU.Build.0 = Debug|Any CPU
		{A61B0A5D-23C0-4BBC-BECA-AD4A140FC8BD}.Release|Any CPU.ActiveCfg = Release|Any CPU
		{A61B0A5D-23C0-4BBC-BECA-AD4A140FC8BD}.Release|Any CPU.Build.0 = Release|Any CPU
	EndGlobalSection
	GlobalSection(SolutionProperties) = preSolution
		HideSolutionNode = FALSE
	EndGlobalSection
	GlobalSection(ExtensibilityGlobals) = postSolution
		SolutionGuid = {B40F2505-79D8-4DE7-8752-D5B31CA933D3}
	EndGlobalSection
EndGlobal
